
Microsoft Visual Studio Solution File, Format Version 12.00
# Visual Studio 14
VisualStudioVersion = 14.0.25420.1
MinimumVisualStudioVersion = 10.0.40219.1
Project("{FAE04EC0-301F-11D3-BF4B-00C04F79EFBC}") = "DiscordWebApp", "DiscordWebApp\DiscordWebApp.csproj", "{EEFA7A2F-EC65-4A4D-AD76-31E4AFFFD448}"
EndProject
Project("{FAE04EC0-301F-11D3-BF4B-00C04F79EFBC}") = "DiscordWebApp.Tests", "DiscordWebApp.Tests\DiscordWebApp.Tests.csproj", "{3BBC2E62-468C-4703-B3C0-A860A7173C1D}"
EndProject
Global
	GlobalSection(SolutionConfigurationPlatforms) = preSolution
		Debug|Any CPU = Debug|Any CPU
		Release|Any CPU = Release|Any CPU
	EndGlobalSection
	GlobalSection(ProjectConfigurationPlatforms) = postSolution
		{EEFA7A2F-EC65-4A4D-AD76-31E4AFFFD448}.Debug|Any CPU.ActiveCfg = Debug|Any CPU
		{EEFA7A2F-EC65-4A4D-AD76-31E4AFFFD448}.Debug|Any CPU.Build.0 = Debug|Any CPU
		{EEFA7A2F-EC65-4A4D-AD76-31E4AFFFD448}.Release|Any CPU.ActiveCfg = Release|Any CPU
		{EEFA7A2F-EC65-4A4D-AD76-31E4AFFFD448}.Release|Any CPU.Build.0 = Release|Any CPU
		{3BBC2E62-468C-4703-B3C0-A860A7173C1D}.Debug|Any CPU.ActiveCfg = Debug|Any CPU
		{3BBC2E62-468C-4703-B3C0-A860A7173C1D}.Debug|Any CPU.Build.0 = Debug|Any CPU
		{3BBC2E62-468C-4703-B3C0-A860A7173C1D}.Release|Any CPU.ActiveCfg = Release|Any CPU
		{3BBC2E62-468C-4703-B3C0-A860A7173C1D}.Release|Any CPU.Build.0 = Release|Any CPU
	EndGlobalSection
	GlobalSection(SolutionProperties) = preSolution
		HideSolutionNode = FALSE
	EndGlobalSection
EndGlobal
